
Microsoft Visual Studio Solution File, Format Version 12.00
# Visual Studio 2012
Project("{2150E333-8FDC-42A3-9474-1A3956D46DE8}") = "Common", "Common", "{39218A45-6A75-42E2-98F9-766E6EFDE4A2}"
EndProject
Project("{FAE04EC0-301F-11D3-BF4B-00C04F79EFBC}") = "JBSolutions.Common", "Common\JBSolutions.Common\JBSolutions.Common.csproj", "{7DB765E5-514D-4EC1-BD72-D712E7341815}"
EndProject
Project("{FAE04EC0-301F-11D3-BF4B-00C04F79EFBC}") = "JBSolutions.Common.Web", "Common\JBSolutions.Common.Web\JBSolutions.Common.Web.csproj", "{5A1318C8-F1A9-4CFB-9F45-6D1FBD68CEF1}"
EndProject
Project("{FAE04EC0-301F-11D3-BF4B-00C04F79EFBC}") = "JBSolutions.Common.Contracts", "Common\JBSolutions.Common.Contracts\JBSolutions.Common.Contracts.csproj", "{FD9C0157-A4DB-4F37-9028-3C8A83AEB979}"
EndProject
Global
	GlobalSection(SolutionConfigurationPlatforms) = preSolution
		Debug|Any CPU = Debug|Any CPU
		Release|Any CPU = Release|Any CPU
	EndGlobalSection
	GlobalSection(ProjectConfigurationPlatforms) = postSolution
		{7DB765E5-514D-4EC1-BD72-D712E7341815}.Debug|Any CPU.ActiveCfg = Debug|Any CPU
		{7DB765E5-514D-4EC1-BD72-D712E7341815}.Debug|Any CPU.Build.0 = Debug|Any CPU
		{7DB765E5-514D-4EC1-BD72-D712E7341815}.Release|Any CPU.ActiveCfg = Release|Any CPU
		{7DB765E5-514D-4EC1-BD72-D712E7341815}.Release|Any CPU.Build.0 = Release|Any CPU
		{5A1318C8-F1A9-4CFB-9F45-6D1FBD68CEF1}.Debug|Any CPU.ActiveCfg = Debug|Any CPU
		{5A1318C8-F1A9-4CFB-9F45-6D1FBD68CEF1}.Debug|Any CPU.Build.0 = Debug|Any CPU
		{5A1318C8-F1A9-4CFB-9F45-6D1FBD68CEF1}.Release|Any CPU.ActiveCfg = Release|Any CPU
		{5A1318C8-F1A9-4CFB-9F45-6D1FBD68CEF1}.Release|Any CPU.Build.0 = Release|Any CPU
		{FD9C0157-A4DB-4F37-9028-3C8A83AEB979}.Debug|Any CPU.ActiveCfg = Debug|Any CPU
		{FD9C0157-A4DB-4F37-9028-3C8A83AEB979}.Debug|Any CPU.Build.0 = Debug|Any CPU
		{FD9C0157-A4DB-4F37-9028-3C8A83AEB979}.Release|Any CPU.ActiveCfg = Release|Any CPU
		{FD9C0157-A4DB-4F37-9028-3C8A83AEB979}.Release|Any CPU.Build.0 = Release|Any CPU
	EndGlobalSection
	GlobalSection(SolutionProperties) = preSolution
		HideSolutionNode = FALSE
	EndGlobalSection
	GlobalSection(NestedProjects) = preSolution
		{7DB765E5-514D-4EC1-BD72-D712E7341815} = {39218A45-6A75-42E2-98F9-766E6EFDE4A2}
		{5A1318C8-F1A9-4CFB-9F45-6D1FBD68CEF1} = {39218A45-6A75-42E2-98F9-766E6EFDE4A2}
		{FD9C0157-A4DB-4F37-9028-3C8A83AEB979} = {39218A45-6A75-42E2-98F9-766E6EFDE4A2}
	EndGlobalSection
EndGlobal
