
Microsoft Visual Studio Solution File, Format Version 12.00
# Visual Studio 2012
Project("{2150E333-8FDC-42A3-9474-1A3956D46DE8}") = "Common", "Common", "{39218A45-6A75-42E2-98F9-766E6EFDE4A2}"
EndProject
Project("{FAE04EC0-301F-11D3-BF4B-00C04F79EFBC}") = "JBSolutions.Common", "Common\JBSolutions.Common\JBSolutions.Common.csproj", "{7DB765E5-514D-4EC1-BD72-D712E7341815}"
EndProject
Project("{FAE04EC0-301F-11D3-BF4B-00C04F79EFBC}") = "JBSolutions.Common.Web", "Common\JBSolutions.Common.Web\JBSolutions.Common.Web.csproj", "{5A1318C8-F1A9-4CFB-9F45-6D1FBD68CEF1}"
EndProject
Project("{FAE04EC0-301F-11D3-BF4B-00C04F79EFBC}") = "JBSolutions.Common.Contracts", "Common\JBSolutions.Common.Contracts\JBSolutions.Common.Contracts.csproj", "{FD9C0157-A4DB-4F37-9028-3C8A83AEB979}"
EndProject
Project("{2150E333-8FDC-42A3-9474-1A3956D46DE8}") = "TestApps", "TestApps", "{2905F7FF-FD83-46C4-AF60-8D86E652CD78}"
EndProject
Project("{2150E333-8FDC-42A3-9474-1A3956D46DE8}") = "Libraries", "Libraries", "{F6DD5DF2-F50C-4D15-826D-49437C2833E0}"
	ProjectSection(SolutionItems) = preProject
		Libraries\Microsoft.Practices.ServiceLocation.dll = Libraries\Microsoft.Practices.ServiceLocation.dll
		Libraries\Microsoft.Practices.Unity.dll = Libraries\Microsoft.Practices.Unity.dll
		Libraries\Microsoft.Practices.Unity.ServiceLocatorAdapter.dll = Libraries\Microsoft.Practices.Unity.ServiceLocatorAdapter.dll
	EndProjectSection
EndProject
Project("{FAE04EC0-301F-11D3-BF4B-00C04F79EFBC}") = "MVCTestApp", "TestApps\MVCTestApp\MVCTestApp.csproj", "{55E164EC-BED3-47E4-88D7-6D226733B996}"
EndProject
Project("{FAE04EC0-301F-11D3-BF4B-00C04F79EFBC}") = "MVCPlugin1", "TestApps\MVCPlugin1\MVCPlugin1.csproj", "{5B9C6E9F-1F8B-4324-8AEF-5AA843B5E7FB}"
EndProject
Project("{FAE04EC0-301F-11D3-BF4B-00C04F79EFBC}") = "MVCPlugin2_ASPX", "TestApps\MVCPlugin2_ASPX\MVCPlugin2_ASPX.csproj", "{DEC2F200-6D6D-4599-A961-05646D69AEAC}"
EndProject
Project("{FAE04EC0-301F-11D3-BF4B-00C04F79EFBC}") = "MVCTestApp_ASPX", "TestApps\MVCTestApp_ASPX\MVCTestApp_ASPX.csproj", "{A141EF76-C94E-4067-88ED-175C62BB61CD}"
EndProject
Global
	GlobalSection(SolutionConfigurationPlatforms) = preSolution
		Debug|Any CPU = Debug|Any CPU
		Release|Any CPU = Release|Any CPU
	EndGlobalSection
	GlobalSection(ProjectConfigurationPlatforms) = postSolution
		{7DB765E5-514D-4EC1-BD72-D712E7341815}.Debug|Any CPU.ActiveCfg = Debug|Any CPU
		{7DB765E5-514D-4EC1-BD72-D712E7341815}.Debug|Any CPU.Build.0 = Debug|Any CPU
		{7DB765E5-514D-4EC1-BD72-D712E7341815}.Release|Any CPU.ActiveCfg = Release|Any CPU
		{7DB765E5-514D-4EC1-BD72-D712E7341815}.Release|Any CPU.Build.0 = Release|Any CPU
		{5A1318C8-F1A9-4CFB-9F45-6D1FBD68CEF1}.Debug|Any CPU.ActiveCfg = Debug|Any CPU
		{5A1318C8-F1A9-4CFB-9F45-6D1FBD68CEF1}.Debug|Any CPU.Build.0 = Debug|Any CPU
		{5A1318C8-F1A9-4CFB-9F45-6D1FBD68CEF1}.Release|Any CPU.ActiveCfg = Release|Any CPU
		{5A1318C8-F1A9-4CFB-9F45-6D1FBD68CEF1}.Release|Any CPU.Build.0 = Release|Any CPU
		{FD9C0157-A4DB-4F37-9028-3C8A83AEB979}.Debug|Any CPU.ActiveCfg = Debug|Any CPU
		{FD9C0157-A4DB-4F37-9028-3C8A83AEB979}.Debug|Any CPU.Build.0 = Debug|Any CPU
		{FD9C0157-A4DB-4F37-9028-3C8A83AEB979}.Release|Any CPU.ActiveCfg = Release|Any CPU
		{FD9C0157-A4DB-4F37-9028-3C8A83AEB979}.Release|Any CPU.Build.0 = Release|Any CPU
		{55E164EC-BED3-47E4-88D7-6D226733B996}.Debug|Any CPU.ActiveCfg = Debug|Any CPU
		{55E164EC-BED3-47E4-88D7-6D226733B996}.Debug|Any CPU.Build.0 = Debug|Any CPU
		{55E164EC-BED3-47E4-88D7-6D226733B996}.Release|Any CPU.ActiveCfg = Release|Any CPU
		{55E164EC-BED3-47E4-88D7-6D226733B996}.Release|Any CPU.Build.0 = Release|Any CPU
		{5B9C6E9F-1F8B-4324-8AEF-5AA843B5E7FB}.Debug|Any CPU.ActiveCfg = Debug|Any CPU
		{5B9C6E9F-1F8B-4324-8AEF-5AA843B5E7FB}.Debug|Any CPU.Build.0 = Debug|Any CPU
		{5B9C6E9F-1F8B-4324-8AEF-5AA843B5E7FB}.Release|Any CPU.ActiveCfg = Release|Any CPU
		{5B9C6E9F-1F8B-4324-8AEF-5AA843B5E7FB}.Release|Any CPU.Build.0 = Release|Any CPU
		{DEC2F200-6D6D-4599-A961-05646D69AEAC}.Debug|Any CPU.ActiveCfg = Debug|Any CPU
		{DEC2F200-6D6D-4599-A961-05646D69AEAC}.Debug|Any CPU.Build.0 = Debug|Any CPU
		{DEC2F200-6D6D-4599-A961-05646D69AEAC}.Release|Any CPU.ActiveCfg = Release|Any CPU
		{DEC2F200-6D6D-4599-A961-05646D69AEAC}.Release|Any CPU.Build.0 = Release|Any CPU
		{A141EF76-C94E-4067-88ED-175C62BB61CD}.Debug|Any CPU.ActiveCfg = Debug|Any CPU
		{A141EF76-C94E-4067-88ED-175C62BB61CD}.Debug|Any CPU.Build.0 = Debug|Any CPU
		{A141EF76-C94E-4067-88ED-175C62BB61CD}.Release|Any CPU.ActiveCfg = Release|Any CPU
		{A141EF76-C94E-4067-88ED-175C62BB61CD}.Release|Any CPU.Build.0 = Release|Any CPU
	EndGlobalSection
	GlobalSection(SolutionProperties) = preSolution
		HideSolutionNode = FALSE
	EndGlobalSection
	GlobalSection(NestedProjects) = preSolution
		{7DB765E5-514D-4EC1-BD72-D712E7341815} = {39218A45-6A75-42E2-98F9-766E6EFDE4A2}
		{5A1318C8-F1A9-4CFB-9F45-6D1FBD68CEF1} = {39218A45-6A75-42E2-98F9-766E6EFDE4A2}
		{FD9C0157-A4DB-4F37-9028-3C8A83AEB979} = {39218A45-6A75-42E2-98F9-766E6EFDE4A2}
		{55E164EC-BED3-47E4-88D7-6D226733B996} = {2905F7FF-FD83-46C4-AF60-8D86E652CD78}
		{5B9C6E9F-1F8B-4324-8AEF-5AA843B5E7FB} = {2905F7FF-FD83-46C4-AF60-8D86E652CD78}
		{DEC2F200-6D6D-4599-A961-05646D69AEAC} = {2905F7FF-FD83-46C4-AF60-8D86E652CD78}
		{A141EF76-C94E-4067-88ED-175C62BB61CD} = {2905F7FF-FD83-46C4-AF60-8D86E652CD78}
	EndGlobalSection
EndGlobal
